<?xml version="1.0" encoding="UTF-8" standalone="yes" ?>
<CodeBlocks_project_file>
	<FileVersion major="1" minor="6" />
	<Project>
		<Option title="Str" />
		<Option pch_mode="2" />
		<Option compiler="gcc" />
		<Build>
			<Target title="Debug">
				<Option output="bin/Debug/Str" prefix_auto="1" extension_auto="1" />
				<Option object_output="obj/Debug/" />
				<Option type="1" />
				<Option compiler="gcc" />
				<Compiler>
					<Add option="-g" />
				</Compiler>
			</Target>
		</Build>
		<Compiler>
			<Add option="-Wall" />
			<Add option="-fexceptions" />
		</Compiler>
		<Unit filename="Core.cpp" />
		<Unit filename="Core.h" />
		<Unit filename="Grad.cpp" />
		<Unit filename="Grad.h" />
		<Unit filename="Ptr.h" />
		<Unit filename="Str.cpp" />
		<Unit filename="Str.h" />
		<Unit filename="Student_info.cpp" />
		<Unit filename="Student_info.h" />
		<Unit filename="Vec.cpp" />
		<Unit filename="Vec.h" />
		<Unit filename="grade.cpp" />
		<Unit filename="grade.h" />
		<Unit filename="main.cpp" />
		<Unit filename="median.cpp" />
		<Unit filename="median.h" />
		<Unit filename="read_hw.cpp" />
		<Unit filename="read_hw.h" />
		<Extensions>
			<envvars />
			<code_completion />
			<lib_finder disable_auto="1" />
			<debugger />
		</Extensions>
	</Project>
</CodeBlocks_project_file>
