<?xml version="1.0" encoding="UTF-8" standalone="yes" ?>
<CodeBlocks_project_file>
	<FileVersion major="1" minor="6" />
	<Project>
		<Option title="16" />
		<Option pch_mode="2" />
		<Option compiler="gcc" />
		<Build>
			<Target title="Debug">
				<Option output="bin/Debug/16" prefix_auto="1" extension_auto="1" />
				<Option object_output="obj/Debug/" />
				<Option type="1" />
				<Option compiler="gcc" />
				<Compiler>
					<Add option="-g" />
				</Compiler>
			</Target>
		</Build>
		<Compiler>
			<Add option="-Wall" />
			<Add option="-fexceptions" />
		</Compiler>
		<Unit filename="Core.cpp" />
		<Unit filename="Core.h" />
		<Unit filename="Grad.cpp" />
		<Unit filename="Grad.h" />
		<Unit filename="Ptr.h" />
		<Unit filename="Student_info.cpp" />
		<Unit filename="Student_info.h" />
		<Unit filename="frame_pic.cpp" />
		<Unit filename="frame_pic.h" />
		<Unit filename="grade.cpp" />
		<Unit filename="grade.h" />
		<Unit filename="hcat_pic.cpp" />
		<Unit filename="hcat_pic.h" />
		<Unit filename="main.cpp" />
		<Unit filename="median.cpp" />
		<Unit filename="median.h" />
		<Unit filename="pic_base.h" />
		<Unit filename="picture.cpp" />
		<Unit filename="picture.h" />
		<Unit filename="read_hw.cpp" />
		<Unit filename="read_hw.h" />
		<Unit filename="string_pic.cpp" />
		<Unit filename="string_pic.h" />
		<Unit filename="vcat_pic.cpp" />
		<Unit filename="vcat_pic.h" />
		<Extensions>
			<envvars />
			<code_completion />
			<debugger />
		</Extensions>
	</Project>
</CodeBlocks_project_file>
